
Microsoft Visual Studio Solution File, Format Version 12.00
# Visual Studio 15
VisualStudioVersion = 15.0.28307.168
MinimumVisualStudioVersion = 10.0.40219.1
Project("{9A19103F-16F7-4668-BE54-9A1E7A4F7556}") = "CarLot", "BullsAndCows\CarLot.csproj", "{0BA6913D-9E96-4D84-A330-C1BBF443CA91}"
EndProject
Global
	GlobalSection(SolutionConfigurationPlatforms) = preSolution
		Debug|Any CPU = Debug|Any CPU
		Release|Any CPU = Release|Any CPU
	EndGlobalSection
	GlobalSection(ProjectConfigurationPlatforms) = postSolution
		{0BA6913D-9E96-4D84-A330-C1BBF443CA91}.Debug|Any CPU.ActiveCfg = Debug|Any CPU
		{0BA6913D-9E96-4D84-A330-C1BBF443CA91}.Debug|Any CPU.Build.0 = Debug|Any CPU
		{0BA6913D-9E96-4D84-A330-C1BBF443CA91}.Release|Any CPU.ActiveCfg = Release|Any CPU
		{0BA6913D-9E96-4D84-A330-C1BBF443CA91}.Release|Any CPU.Build.0 = Release|Any CPU
	EndGlobalSection
	GlobalSection(SolutionProperties) = preSolution
		HideSolutionNode = FALSE
	EndGlobalSection
	GlobalSection(ExtensibilityGlobals) = postSolution
		SolutionGuid = {8E7C0647-9C54-465E-86D4-519F2DEF52E6}
	EndGlobalSection
EndGlobal
